// !$*UTF8*$!
{
	archiveVersion = 1;
	classes = {
	};
	objectVersion = 46;
	objects = {

/* Begin PBXBuildFile section */
		55B2ECFD1F691D890018A14F /* KLCPopup.h in CopyFiles */ = {isa = PBXBuildFile; fileRef = 55B2ECFC1F691D890018A14F /* KLCPopup.h */; };
		55B2ECFF1F691D890018A14F /* KLCPopup.m in Sources */ = {isa = PBXBuildFile; fileRef = 55B2ECFE1F691D890018A14F /* KLCPopup.m */; };
		55B2ED061F691E050018A14F /* Foundation.framework in Frameworks */ = {isa = PBXBuildFile; fileRef = 55B2ED051F691E050018A14F /* Foundation.framework */; };
		55B2ED081F691E0A0018A14F /* UIKit.framework in Frameworks */ = {isa = PBXBuildFile; fileRef = 55B2ED071F691E0A0018A14F /* UIKit.framework */; };
		55B2ED0A1F691E0F0018A14F /* CoreGraphics.framework in Frameworks */ = {isa = PBXBuildFile; fileRef = 55B2ED091F691E0F0018A14F /* CoreGraphics.framework */; };
/* End PBXBuildFile section */

/* Begin PBXCopyFilesBuildPhase section */
		55B2ECF71F691D890018A14F /* CopyFiles */ = {
			isa = PBXCopyFilesBuildPhase;
			buildActionMask = 2147483647;
			dstPath = "include/$(PRODUCT_NAME)";
			dstSubfolderSpec = 16;
			files = (
				55B2ECFD1F691D890018A14F /* KLCPopup.h in CopyFiles */,
			);
			runOnlyForDeploymentPostprocessing = 0;
		};
/* End PBXCopyFilesBuildPhase section */

/* Begin PBXFileReference section */
		55B2ECF91F691D890018A14F /* libKLCPopup.a */ = {isa = PBXFileReference; explicitFileType = archive.ar; includeInIndex = 0; path = libKLCPopup.a; sourceTree = BUILT_PRODUCTS_DIR; };
		55B2ECFC1F691D890018A14F /* KLCPopup.h */ = {isa = PBXFileReference; lastKnownFileType = sourcecode.c.h; path = KLCPopup.h; sourceTree = "<group>"; };
		55B2ECFE1F691D890018A14F /* KLCPopup.m */ = {isa = PBXFileReference; lastKnownFileType = sourcecode.c.objc; path = KLCPopup.m; sourceTree = "<group>"; };
		55B2ED051F691E050018A14F /* Foundation.framework */ = {isa = PBXFileReference; lastKnownFileType = wrapper.framework; name = Foundation.framework; path = System/Library/Frameworks/Foundation.framework; sourceTree = SDKROOT; };
		55B2ED071F691E0A0018A14F /* UIKit.framework */ = {isa = PBXFileReference; lastKnownFileType = wrapper.framework; name = UIKit.framework; path = System/Library/Frameworks/UIKit.framework; sourceTree = SDKROOT; };
		55B2ED091F691E0F0018A14F /* CoreGraphics.framework */ = {isa = PBXFileReference; lastKnownFileType = wrapper.framework; name = CoreGraphics.framework; path = System/Library/Frameworks/CoreGraphics.framework; sourceTree = SDKROOT; };
/* End PBXFileReference section */

/* Begin PBXFrameworksBuildPhase section */
		55B2ECF61F691D890018A14F /* Frameworks */ = {
			isa = PBXFrameworksBuildPhase;
			buildActionMask = 2147483647;
			files = (
				55B2ED0A1F691E0F0018A14F /* CoreGraphics.framework in Frameworks */,
				55B2ED081F691E0A0018A14F /* UIKit.framework in Frameworks */,
				55B2ED061F691E050018A14F /* Foundation.framework in Frameworks */,
			);
			runOnlyForDeploymentPostprocessing = 0;
		};
/* End PBXFrameworksBuildPhase section */

/* Begin PBXGroup section */
		55B2ECF01F691D890018A14F = {
			isa = PBXGroup;
			children = (
				55B2ED091F691E0F0018A14F /* CoreGraphics.framework */,
				55B2ED071F691E0A0018A14F /* UIKit.framework */,
				55B2ED051F691E050018A14F /* Foundation.framework */,
				55B2ECFB1F691D890018A14F /* KLCPopup */,
				55B2ECFA1F691D890018A14F /* Products */,
			);
			sourceTree = "<group>";
		};
		55B2ECFA1F691D890018A14F /* Products */ = {
			isa = PBXGroup;
			children = (
				55B2ECF91F691D890018A14F /* libKLCPopup.a */,
			);
			name = Products;
			sourceTree = "<group>";
		};
		55B2ECFB1F691D890018A14F /* KLCPopup */ = {
			isa = PBXGroup;
			children = (
				55B2ECFC1F691D890018A14F /* KLCPopup.h */,
				55B2ECFE1F691D890018A14F /* KLCPopup.m */,
			);
			path = KLCPopup;
			sourceTree = "<group>";
		};
/* End PBXGroup section */

/* Begin PBXNativeTarget section */
		55B2ECF81F691D890018A14F /* KLCPopup */ = {
			isa = PBXNativeTarget;
			buildConfigurationList = 55B2ED021F691D890018A14F /* Build configuration list for PBXNativeTarget "KLCPopup" */;
			buildPhases = (
				55B2ECF51F691D890018A14F /* Sources */,
				55B2ECF61F691D890018A14F /* Frameworks */,
				55B2ECF71F691D890018A14F /* CopyFiles */,
			);
			buildRules = (
			);
			dependencies = (
			);
			name = KLCPopup;
			productName = KLCPopup;
			productReference = 55B2ECF91F691D890018A14F /* libKLCPopup.a */;
			productType = "com.apple.product-type.library.static";
		};
/* End PBXNativeTarget section */

/* Begin PBXProject section */
		55B2ECF11F691D890018A14F /* Project object */ = {
			isa = PBXProject;
			attributes = {
				LastUpgradeCheck = 0730;
				TargetAttributes = {
					55B2ECF81F691D890018A14F = {
						CreatedOnToolsVersion = 7.3.1;
					};
				};
			};
			buildConfigurationList = 55B2ECF41F691D890018A14F /* Build configuration list for PBXProject "KLCPopup" */;
			compatibilityVersion = "Xcode 3.2";
			developmentRegion = English;
			hasScannedForEncodings = 0;
			knownRegions = (
				en,
			);
			mainGroup = 55B2ECF01F691D890018A14F;
			productRefGroup = 55B2ECFA1F691D890018A14F /* Products */;
			projectDirPath = "";
			projectRoot = "";
			targets = (
				55B2ECF81F691D890018A14F /* KLCPopup */,
			);
		};
/* End PBXProject section */

/* Begin PBXSourcesBuildPhase section */
		55B2ECF51F691D890018A14F /* Sources */ = {
			isa = PBXSourcesBuildPhase;
			buildActionMask = 2147483647;
			files = (
				55B2ECFF1F691D890018A14F /* KLCPopup.m in Sources */,
			);
			runOnlyForDeploymentPostprocessing = 0;
		};
/* End PBXSourcesBuildPhase section */

/* Begin XCBuildConfiguration section */
		55B2ED001F691D890018A14F /* Debug */ = {
			isa = XCBuildConfiguration;
			buildSettings = {
				ALWAYS_SEARCH_USER_PATHS = NO;
				CLANG_ANALYZER_NONNULL = YES;
				CLANG_CXX_LANGUAGE_STANDARD = "gnu++0x";
				CLANG_CXX_LIBRARY = "libc++";
				CLANG_ENABLE_MODULES = YES;
				CLANG_ENABLE_OBJC_ARC = YES;
				CLANG_WARN_BOOL_CONVERSION = YES;
				CLANG_WARN_CONSTANT_CONVERSION = YES;
				CLANG_WARN_DIRECT_OBJC_ISA_USAGE = YES_ERROR;
				CLANG_WARN_EMPTY_BODY = YES;
				CLANG_WARN_ENUM_CONVERSION = YES;
				CLANG_WARN_INT_CONVERSION = YES;
				CLANG_WARN_OBJC_ROOT_CLASS = YES_ERROR;
				CLANG_WARN_UNREACHABLE_CODE = YES;
				CLANG_WARN__DUPLICATE_METHOD_MATCH = YES;
				"CODE_SIGN_IDENTITY[sdk=iphoneos*]" = "iPhone Developer";
				COPY_PHASE_STRIP = NO;
				DEBUG_INFORMATION_FORMAT = dwarf;
				ENABLE_STRICT_OBJC_MSGSEND = YES;
				ENABLE_TESTABILITY = YES;
				GCC_C_LANGUAGE_STANDARD = gnu99;
				GCC_DYNAMIC_NO_PIC = NO;
				GCC_NO_COMMON_BLOCKS = YES;
				GCC_OPTIMIZATION_LEVEL = 0;
				GCC_PREPROCESSOR_DEFINITIONS = (
					"DEBUG=1",
					"$(inherited)",
				);
				GCC_WARN_64_TO_32_BIT_CONVERSION = YES;
				GCC_WARN_ABOUT_RETURN_TYPE = YES_ERROR;
				GCC_WARN_UNDECLARED_SELECTOR = YES;
				GCC_WARN_UNINITIALIZED_AUTOS = YES_AGGRESSIVE;
				GCC_WARN_UNUSED_FUNCTION = YES;
				GCC_WARN_UNUSED_VARIABLE = YES;
				IPHONEOS_DEPLOYMENT_TARGET = 9.3;
				MTL_ENABLE_DEBUG_INFO = YES;
				ONLY_ACTIVE_ARCH = YES;
				SDKROOT = iphoneos;
			};
			name = Debug;
		};
		55B2ED011F691D890018A14F /* Release */ = {
			isa = XCBuildConfiguration;
			buildSettings = {
				ALWAYS_SEARCH_USER_PATHS = NO;
				CLANG_ANALYZER_NONNULL = YES;
				CLANG_CXX_LANGUAGE_STANDARD = "gnu++0x";
				CLANG_CXX_LIBRARY = "libc++";
				CLANG_ENABLE_MODULES = YES;
				CLANG_ENABLE_OBJC_ARC = YES;
				CLANG_WARN_BOOL_CONVERSION = YES;
				CLANG_WARN_CONSTANT_CONVERSION = YES;
				CLANG_WARN_DIRECT_OBJC_ISA_USAGE = YES_ERROR;
				CLANG_WARN_EMPTY_BODY = YES;
				CLANG_WARN_ENUM_CONVERSION = YES;
				CLANG_WARN_INT_CONVERSION = YES;
				CLANG_WARN_OBJC_ROOT_CLASS = YES_ERROR;
				CLANG_WARN_UNREACHABLE_CODE = YES;
				CLANG_WARN__DUPLICATE_METHOD_MATCH = YES;
				"CODE_SIGN_IDENTITY[sdk=iphoneos*]" = "iPhone Developer";
				COPY_PHASE_STRIP = NO;
				DEBUG_INFORMATION_FORMAT = "dwarf-with-dsym";
				ENABLE_NS_ASSERTIONS = NO;
				ENABLE_STRICT_OBJC_MSGSEND = YES;
				GCC_C_LANGUAGE_STANDARD = gnu99;
				GCC_NO_COMMON_BLOCKS = YES;
				GCC_WARN_64_TO_32_BIT_CONVERSION = YES;
				GCC_WARN_ABOUT_RETURN_TYPE = YES_ERROR;
				GCC_WARN_UNDECLARED_SELECTOR = YES;
				GCC_WARN_UNINITIALIZED_AUTOS = YES_AGGRESSIVE;
				GCC_WARN_UNUSED_FUNCTION = YES;
				GCC_WARN_UNUSED_VARIABLE = YES;
				IPHONEOS_DEPLOYMENT_TARGET = 9.3;
				MTL_ENABLE_DEBUG_INFO = NO;
				SDKROOT = iphoneos;
				VALIDATE_PRODUCT = YES;
			};
			name = Release;
		};
		55B2ED031F691D890018A14F /* Debug */ = {
			isa = XCBuildConfiguration;
			buildSettings = {
				OTHER_LDFLAGS = "-ObjC";
				PRODUCT_NAME = "$(TARGET_NAME)";
				SKIP_INSTALL = YES;
			};
			name = Debug;
		};
		55B2ED041F691D890018A14F /* Release */ = {
			isa = XCBuildConfiguration;
			buildSettings = {
				OTHER_LDFLAGS = "-ObjC";
				PRODUCT_NAME = "$(TARGET_NAME)";
				SKIP_INSTALL = YES;
			};
			name = Release;
		};
/* End XCBuildConfiguration section */

/* Begin XCConfigurationList section */
		55B2ECF41F691D890018A14F /* Build configuration list for PBXProject "KLCPopup" */ = {
			isa = XCConfigurationList;
			buildConfigurations = (
				55B2ED001F691D890018A14F /* Debug */,
				55B2ED011F691D890018A14F /* Release */,
			);
			defaultConfigurationIsVisible = 0;
			defaultConfigurationName = Release;
		};
		55B2ED021F691D890018A14F /* Build configuration list for PBXNativeTarget "KLCPopup" */ = {
			isa = XCConfigurationList;
			buildConfigurations = (
				55B2ED031F691D890018A14F /* Debug */,
				55B2ED041F691D890018A14F /* Release */,
			);
			defaultConfigurationIsVisible = 0;
		};
/* End XCConfigurationList section */
	};
	rootObject = 55B2ECF11F691D890018A14F /* Project object */;
}
